
Microsoft Visual Studio Solution File, Format Version 12.00
# Visual Studio Version 17
VisualStudioVersion = 17.5.33516.290
MinimumVisualStudioVersion = 10.0.40219.1
Project("{FAE04EC0-301F-11D3-BF4B-00C04F79EFBC}") = "MainMethodAssignment", "MainMethodAssignment\MainMethodAssignment.csproj", "{B028236C-0DB6-4DDA-A388-F4F5DA179585}"
EndProject
Project("{FAE04EC0-301F-11D3-BF4B-00C04F79EFBC}") = "MethodClassAssignment", "MethodClassAssignment\MethodClassAssignment.csproj", "{F86B5902-E41A-40EC-B736-78786BF50939}"
EndProject
Global
	GlobalSection(SolutionConfigurationPlatforms) = preSolution
		Debug|Any CPU = Debug|Any CPU
		Release|Any CPU = Release|Any CPU
	EndGlobalSection
	GlobalSection(ProjectConfigurationPlatforms) = postSolution
		{B028236C-0DB6-4DDA-A388-F4F5DA179585}.Debug|Any CPU.ActiveCfg = Debug|Any CPU
		{B028236C-0DB6-4DDA-A388-F4F5DA179585}.Debug|Any CPU.Build.0 = Debug|Any CPU
		{B028236C-0DB6-4DDA-A388-F4F5DA179585}.Release|Any CPU.ActiveCfg = Release|Any CPU
		{B028236C-0DB6-4DDA-A388-F4F5DA179585}.Release|Any CPU.Build.0 = Release|Any CPU
		{F86B5902-E41A-40EC-B736-78786BF50939}.Debug|Any CPU.ActiveCfg = Debug|Any CPU
		{F86B5902-E41A-40EC-B736-78786BF50939}.Debug|Any CPU.Build.0 = Debug|Any CPU
		{F86B5902-E41A-40EC-B736-78786BF50939}.Release|Any CPU.ActiveCfg = Release|Any CPU
		{F86B5902-E41A-40EC-B736-78786BF50939}.Release|Any CPU.Build.0 = Release|Any CPU
	EndGlobalSection
	GlobalSection(SolutionProperties) = preSolution
		HideSolutionNode = FALSE
	EndGlobalSection
	GlobalSection(ExtensibilityGlobals) = postSolution
		SolutionGuid = {31463358-65B6-4BCE-915D-8DF0CEA24817}
	EndGlobalSection
EndGlobal
